
Microsoft Visual Studio Solution File, Format Version 12.00
# Visual Studio 15
VisualStudioVersion = 15.0.27130.2026
MinimumVisualStudioVersion = 10.0.40219.1
Project("{FAE04EC0-301F-11D3-BF4B-00C04F79EFBC}") = "UsbInfo", "UsbInfo\UsbInfo.csproj", "{D99A0970-88FA-4AB9-922E-A3E25BAB6BB9}"
EndProject
Project("{FAE04EC0-301F-11D3-BF4B-00C04F79EFBC}") = "UsbInfo.Tests", "UsbInfo.Tests\UsbInfo.Tests.csproj", "{2E3DF5C2-8A38-4A03-86D7-8D463C917E47}"
EndProject
Global
	GlobalSection(SolutionConfigurationPlatforms) = preSolution
		Debug|Any CPU = Debug|Any CPU
		Release|Any CPU = Release|Any CPU
	EndGlobalSection
	GlobalSection(ProjectConfigurationPlatforms) = postSolution
		{D99A0970-88FA-4AB9-922E-A3E25BAB6BB9}.Debug|Any CPU.ActiveCfg = Debug|Any CPU
		{D99A0970-88FA-4AB9-922E-A3E25BAB6BB9}.Debug|Any CPU.Build.0 = Debug|Any CPU
		{D99A0970-88FA-4AB9-922E-A3E25BAB6BB9}.Release|Any CPU.ActiveCfg = Release|Any CPU
		{D99A0970-88FA-4AB9-922E-A3E25BAB6BB9}.Release|Any CPU.Build.0 = Release|Any CPU
		{2E3DF5C2-8A38-4A03-86D7-8D463C917E47}.Debug|Any CPU.ActiveCfg = Debug|Any CPU
		{2E3DF5C2-8A38-4A03-86D7-8D463C917E47}.Debug|Any CPU.Build.0 = Debug|Any CPU
		{2E3DF5C2-8A38-4A03-86D7-8D463C917E47}.Release|Any CPU.ActiveCfg = Release|Any CPU
		{2E3DF5C2-8A38-4A03-86D7-8D463C917E47}.Release|Any CPU.Build.0 = Release|Any CPU
	EndGlobalSection
	GlobalSection(SolutionProperties) = preSolution
		HideSolutionNode = FALSE
	EndGlobalSection
	GlobalSection(ExtensibilityGlobals) = postSolution
		SolutionGuid = {E9267E81-5D08-41C7-9F45-4A5D8865B190}
	EndGlobalSection
EndGlobal
